// !$*UTF8*$!
{
	archiveVersion = 1;
	classes = {
	};
	objectVersion = 45;
	objects = {

/* Begin PBXBuildFile section */
		1DDD58160DA1D0A300B32029 /* MainMenu.xib in Resources */ = {isa = PBXBuildFile; fileRef = 1DDD58140DA1D0A300B32029 /* MainMenu.xib */; };
		3261075B12F7990F00239271 /* Icon.icns in Resources */ = {isa = PBXBuildFile; fileRef = 3261075A12F7990F00239271 /* Icon.icns */; };
		326108A412F7A86600239271 /* crc32.c in Sources */ = {isa = PBXBuildFile; fileRef = 3261086F12F7A86600239271 /* crc32.c */; };
		326108A512F7A86600239271 /* deflate.c in Sources */ = {isa = PBXBuildFile; fileRef = 3261087112F7A86600239271 /* deflate.c */; };
		326108A612F7A86600239271 /* LICENSE in Resources */ = {isa = PBXBuildFile; fileRef = 3261087312F7A86600239271 /* LICENSE */; };
		326108A712F7A86600239271 /* PNGNormalizer.m in Sources */ = {isa = PBXBuildFile; fileRef = 3261087512F7A86600239271 /* PNGNormalizer.m */; };
		326108A812F7A86600239271 /* README in Resources */ = {isa = PBXBuildFile; fileRef = 3261087612F7A86600239271 /* README */; };
		326109AE12F7B6F100239271 /* QuartzCore.framework in Frameworks */ = {isa = PBXBuildFile; fileRef = 326109AD12F7B6F100239271 /* QuartzCore.framework */; };
		32A7966F12F618C100E7C0AB /* todo.txt in Resources */ = {isa = PBXBuildFile; fileRef = 32A7966E12F618C100E7C0AB /* todo.txt */; };
		32A7969712F61D1E00E7C0AB /* AMHTTPConnection.m in Sources */ = {isa = PBXBuildFile; fileRef = 32A7969612F61D1E00E7C0AB /* AMHTTPConnection.m */; };
		32C62C3612F6895300D4708A /* AMDataHelper.m in Sources */ = {isa = PBXBuildFile; fileRef = 32C62C3512F6895300D4708A /* AMDataHelper.m */; };
		32C62C8C12F6947400D4708A /* template.plist in Resources */ = {isa = PBXBuildFile; fileRef = 32C62C8B12F6947400D4708A /* template.plist */; };
		32C62CA712F695CB00D4708A /* NSObject+SBJSON.m in Sources */ = {isa = PBXBuildFile; fileRef = 32C62C9B12F695CB00D4708A /* NSObject+SBJSON.m */; };
		32C62CA812F695CB00D4708A /* NSString+SBJSON.m in Sources */ = {isa = PBXBuildFile; fileRef = 32C62C9D12F695CB00D4708A /* NSString+SBJSON.m */; };
		32C62CA912F695CB00D4708A /* SBJsonBase.m in Sources */ = {isa = PBXBuildFile; fileRef = 32C62C9F12F695CB00D4708A /* SBJsonBase.m */; };
		32C62CAA12F695CB00D4708A /* SBJsonParser.m in Sources */ = {isa = PBXBuildFile; fileRef = 32C62CA112F695CB00D4708A /* SBJsonParser.m */; };
		32C62CAB12F695CB00D4708A /* SBJsonStreamWriter.m in Sources */ = {isa = PBXBuildFile; fileRef = 32C62CA312F695CB00D4708A /* SBJsonStreamWriter.m */; };
		32C62CAC12F695CB00D4708A /* SBJsonWriter.m in Sources */ = {isa = PBXBuildFile; fileRef = 32C62CA512F695CB00D4708A /* SBJsonWriter.m */; };
		32C6C88E12F83AC500B26843 /* WebSocket.m in Sources */ = {isa = PBXBuildFile; fileRef = 32C6C88D12F83AC500B26843 /* WebSocket.m */; };
		32C6C9B012F850AB00B26843 /* dsa_pub.pem in Resources */ = {isa = PBXBuildFile; fileRef = 32C6C9AF12F850AB00B26843 /* dsa_pub.pem */; };
		32C6C9E912F8652100B26843 /* Sparkle.framework in Frameworks */ = {isa = PBXBuildFile; fileRef = 32C6C9E812F8652100B26843 /* Sparkle.framework */; };
		32C6C9EA12F8652700B26843 /* Sparkle.framework in CopyFiles */ = {isa = PBXBuildFile; fileRef = 32C6C9E812F8652100B26843 /* Sparkle.framework */; };
		32C6C9F812F86C6D00B26843 /* release_notes.txt in Resources */ = {isa = PBXBuildFile; fileRef = 32C6C9F712F86C6D00B26843 /* release_notes.txt */; };
		32E4DD5512F65BE60054B867 /* AMiOSApp.m in Sources */ = {isa = PBXBuildFile; fileRef = 32E4DD5412F65BE60054B867 /* AMiOSApp.m */; };
		32FBA70112F46A5300F7680A /* AppBallAppDelegate.m in Sources */ = {isa = PBXBuildFile; fileRef = 32FBA6FE12F46A5300F7680A /* AppBallAppDelegate.m */; };
		32FBA70212F46A5300F7680A /* DropView.m in Sources */ = {isa = PBXBuildFile; fileRef = 32FBA70012F46A5300F7680A /* DropView.m */; };
		32FBA75812F471E100F7680A /* drop_none.png in Resources */ = {isa = PBXBuildFile; fileRef = 32FBA75612F471E100F7680A /* drop_none.png */; };
		32FBA75912F471E100F7680A /* drop_on.png in Resources */ = {isa = PBXBuildFile; fileRef = 32FBA75712F471E100F7680A /* drop_on.png */; };
		32FBD5EF12F7FB8D00255254 /* DDData.m in Sources */ = {isa = PBXBuildFile; fileRef = 32FBD5C412F7FB8D00255254 /* DDData.m */; };
		32FBD5F012F7FB8D00255254 /* DDNumber.m in Sources */ = {isa = PBXBuildFile; fileRef = 32FBD5C612F7FB8D00255254 /* DDNumber.m */; };
		32FBD5F112F7FB8D00255254 /* DDRange.m in Sources */ = {isa = PBXBuildFile; fileRef = 32FBD5C812F7FB8D00255254 /* DDRange.m */; };
		32FBD5F212F7FB8D00255254 /* HTTPAsyncFileResponse.m in Sources */ = {isa = PBXBuildFile; fileRef = 32FBD5CA12F7FB8D00255254 /* HTTPAsyncFileResponse.m */; };
		32FBD5F312F7FB8D00255254 /* HTTPAuthenticationRequest.m in Sources */ = {isa = PBXBuildFile; fileRef = 32FBD5CC12F7FB8D00255254 /* HTTPAuthenticationRequest.m */; };
		32FBD5F412F7FB8D00255254 /* HTTPConnection.m in Sources */ = {isa = PBXBuildFile; fileRef = 32FBD5CE12F7FB8D00255254 /* HTTPConnection.m */; };
		32FBD5F512F7FB8D00255254 /* HTTPDataResponse.m in Sources */ = {isa = PBXBuildFile; fileRef = 32FBD5D012F7FB8D00255254 /* HTTPDataResponse.m */; };
		32FBD5F612F7FB8D00255254 /* HTTPDynamicFileResponse.m in Sources */ = {isa = PBXBuildFile; fileRef = 32FBD5D212F7FB8D00255254 /* HTTPDynamicFileResponse.m */; };
		32FBD5F712F7FB8D00255254 /* HTTPFileResponse.m in Sources */ = {isa = PBXBuildFile; fileRef = 32FBD5D412F7FB8D00255254 /* HTTPFileResponse.m */; };
		32FBD5F812F7FB8D00255254 /* HTTPMessage.m in Sources */ = {isa = PBXBuildFile; fileRef = 32FBD5D712F7FB8D00255254 /* HTTPMessage.m */; };
		32FBD5F912F7FB8D00255254 /* HTTPRedirectResponse.m in Sources */ = {isa = PBXBuildFile; fileRef = 32FBD5D912F7FB8D00255254 /* HTTPRedirectResponse.m */; };
		32FBD5FA12F7FB8D00255254 /* HTTPServer.m in Sources */ = {isa = PBXBuildFile; fileRef = 32FBD5DC12F7FB8D00255254 /* HTTPServer.m */; };
		32FBD5FB12F7FB8D00255254 /* LICENSE.txt in Resources */ = {isa = PBXBuildFile; fileRef = 32FBD5DD12F7FB8D00255254 /* LICENSE.txt */; };
		32FBD5FD12F7FB8D00255254 /* GCDAsyncSocket.m in Sources */ = {isa = PBXBuildFile; fileRef = 32FBD5E212F7FB8D00255254 /* GCDAsyncSocket.m */; };
		32FBD5FF12F7FB8D00255254 /* DDASLLogger.m in Sources */ = {isa = PBXBuildFile; fileRef = 32FBD5E612F7FB8D00255254 /* DDASLLogger.m */; };
		32FBD60012F7FB8D00255254 /* DDFileLogger.m in Sources */ = {isa = PBXBuildFile; fileRef = 32FBD5E812F7FB8D00255254 /* DDFileLogger.m */; };
		32FBD60112F7FB8D00255254 /* DDLog.m in Sources */ = {isa = PBXBuildFile; fileRef = 32FBD5EA12F7FB8D00255254 /* DDLog.m */; };
		32FBD60212F7FB8D00255254 /* DDTTYLogger.m in Sources */ = {isa = PBXBuildFile; fileRef = 32FBD5EC12F7FB8D00255254 /* DDTTYLogger.m */; };
		32FBD67012F8009E00255254 /* Security.framework in Frameworks */ = {isa = PBXBuildFile; fileRef = 32FBD66F12F8009E00255254 /* Security.framework */; };
		32FBD6B512F800BD00255254 /* libz.dylib in Frameworks */ = {isa = PBXBuildFile; fileRef = 32FBD6B412F800BD00255254 /* libz.dylib */; };
		8D11072B0486CEB800E47090 /* InfoPlist.strings in Resources */ = {isa = PBXBuildFile; fileRef = 089C165CFE840E0CC02AAC07 /* InfoPlist.strings */; };
		8D11072D0486CEB800E47090 /* main.m in Sources */ = {isa = PBXBuildFile; fileRef = 29B97316FDCFA39411CA2CEA /* main.m */; settings = {ATTRIBUTES = (); }; };
		8D11072F0486CEB800E47090 /* Cocoa.framework in Frameworks */ = {isa = PBXBuildFile; fileRef = 1058C7A1FEA54F0111CA2CBB /* Cocoa.framework */; };
/* End PBXBuildFile section */

/* Begin PBXCopyFilesBuildPhase section */
		32C6C9AC12F84FCE00B26843 /* CopyFiles */ = {
			isa = PBXCopyFilesBuildPhase;
			buildActionMask = 2147483647;
			dstPath = "";
			dstSubfolderSpec = 10;
			files = (
				32C6C9EA12F8652700B26843 /* Sparkle.framework in CopyFiles */,
			);
			runOnlyForDeploymentPostprocessing = 0;
		};
/* End PBXCopyFilesBuildPhase section */

/* Begin PBXFileReference section */
		089C165DFE840E0CC02AAC07 /* English */ = {isa = PBXFileReference; fileEncoding = 4; lastKnownFileType = text.plist.strings; name = English; path = English.lproj/InfoPlist.strings; sourceTree = "<group>"; };
		1058C7A1FEA54F0111CA2CBB /* Cocoa.framework */ = {isa = PBXFileReference; lastKnownFileType = wrapper.framework; name = Cocoa.framework; path = /System/Library/Frameworks/Cocoa.framework; sourceTree = "<absolute>"; };
		13E42FB307B3F0F600E4EEF1 /* CoreData.framework */ = {isa = PBXFileReference; lastKnownFileType = wrapper.framework; name = CoreData.framework; path = /System/Library/Frameworks/CoreData.framework; sourceTree = "<absolute>"; };
		1DDD58150DA1D0A300B32029 /* English */ = {isa = PBXFileReference; lastKnownFileType = file.xib; name = English; path = English.lproj/MainMenu.xib; sourceTree = "<group>"; };
		256AC3F00F4B6AF500CF3369 /* AppBall_Prefix.pch */ = {isa = PBXFileReference; fileEncoding = 4; lastKnownFileType = sourcecode.c.h; path = AppBall_Prefix.pch; sourceTree = "<group>"; };
		29B97316FDCFA39411CA2CEA /* main.m */ = {isa = PBXFileReference; fileEncoding = 4; lastKnownFileType = sourcecode.c.objc; path = main.m; sourceTree = "<group>"; };
		29B97324FDCFA39411CA2CEA /* AppKit.framework */ = {isa = PBXFileReference; lastKnownFileType = wrapper.framework; name = AppKit.framework; path = /System/Library/Frameworks/AppKit.framework; sourceTree = "<absolute>"; };
		29B97325FDCFA39411CA2CEA /* Foundation.framework */ = {isa = PBXFileReference; lastKnownFileType = wrapper.framework; name = Foundation.framework; path = /System/Library/Frameworks/Foundation.framework; sourceTree = "<absolute>"; };
		3261075A12F7990F00239271 /* Icon.icns */ = {isa = PBXFileReference; lastKnownFileType = image.icns; path = Icon.icns; sourceTree = "<group>"; };
		3261086F12F7A86600239271 /* crc32.c */ = {isa = PBXFileReference; fileEncoding = 4; lastKnownFileType = sourcecode.c.c; path = crc32.c; sourceTree = "<group>"; };
		3261087012F7A86600239271 /* crc32.h */ = {isa = PBXFileReference; fileEncoding = 4; lastKnownFileType = sourcecode.c.h; path = crc32.h; sourceTree = "<group>"; };
		3261087112F7A86600239271 /* deflate.c */ = {isa = PBXFileReference; fileEncoding = 4; lastKnownFileType = sourcecode.c.c; path = deflate.c; sourceTree = "<group>"; };
		3261087212F7A86600239271 /* deflate.h */ = {isa = PBXFileReference; fileEncoding = 4; lastKnownFileType = sourcecode.c.h; path = deflate.h; sourceTree = "<group>"; };
		3261087312F7A86600239271 /* LICENSE */ = {isa = PBXFileReference; fileEncoding = 4; lastKnownFileType = text; path = LICENSE; sourceTree = "<group>"; };
		3261087412F7A86600239271 /* PNGNormalizer.h */ = {isa = PBXFileReference; fileEncoding = 4; lastKnownFileType = sourcecode.c.h; path = PNGNormalizer.h; sourceTree = "<group>"; };
		3261087512F7A86600239271 /* PNGNormalizer.m */ = {isa = PBXFileReference; fileEncoding = 4; lastKnownFileType = sourcecode.c.objc; path = PNGNormalizer.m; sourceTree = "<group>"; };
		3261087612F7A86600239271 /* README */ = {isa = PBXFileReference; fileEncoding = 4; lastKnownFileType = text; path = README; sourceTree = "<group>"; };
		326109AD12F7B6F100239271 /* QuartzCore.framework */ = {isa = PBXFileReference; lastKnownFileType = wrapper.framework; name = QuartzCore.framework; path = System/Library/Frameworks/QuartzCore.framework; sourceTree = SDKROOT; };
		32A7966E12F618C100E7C0AB /* todo.txt */ = {isa = PBXFileReference; fileEncoding = 4; lastKnownFileType = text; path = todo.txt; sourceTree = "<group>"; };
		32A7969512F61D1E00E7C0AB /* AMHTTPConnection.h */ = {isa = PBXFileReference; fileEncoding = 4; lastKnownFileType = sourcecode.c.h; path = AMHTTPConnection.h; sourceTree = "<group>"; };
		32A7969612F61D1E00E7C0AB /* AMHTTPConnection.m */ = {isa = PBXFileReference; fileEncoding = 4; lastKnownFileType = sourcecode.c.objc; path = AMHTTPConnection.m; sourceTree = "<group>"; };
		32C62C3412F6895300D4708A /* AMDataHelper.h */ = {isa = PBXFileReference; fileEncoding = 4; lastKnownFileType = sourcecode.c.h; path = AMDataHelper.h; sourceTree = "<group>"; };
		32C62C3512F6895300D4708A /* AMDataHelper.m */ = {isa = PBXFileReference; fileEncoding = 4; lastKnownFileType = sourcecode.c.objc; path = AMDataHelper.m; sourceTree = "<group>"; };
		32C62C8B12F6947400D4708A /* template.plist */ = {isa = PBXFileReference; fileEncoding = 4; lastKnownFileType = text.plist.xml; path = template.plist; sourceTree = "<group>"; };
		32C62C9912F695CB00D4708A /* JSON.h */ = {isa = PBXFileReference; fileEncoding = 4; lastKnownFileType = sourcecode.c.h; path = JSON.h; sourceTree = "<group>"; };
		32C62C9A12F695CB00D4708A /* NSObject+SBJSON.h */ = {isa = PBXFileReference; fileEncoding = 4; lastKnownFileType = sourcecode.c.h; path = "NSObject+SBJSON.h"; sourceTree = "<group>"; };
		32C62C9B12F695CB00D4708A /* NSObject+SBJSON.m */ = {isa = PBXFileReference; fileEncoding = 4; lastKnownFileType = sourcecode.c.objc; path = "NSObject+SBJSON.m"; sourceTree = "<group>"; };
		32C62C9C12F695CB00D4708A /* NSString+SBJSON.h */ = {isa = PBXFileReference; fileEncoding = 4; lastKnownFileType = sourcecode.c.h; path = "NSString+SBJSON.h"; sourceTree = "<group>"; };
		32C62C9D12F695CB00D4708A /* NSString+SBJSON.m */ = {isa = PBXFileReference; fileEncoding = 4; lastKnownFileType = sourcecode.c.objc; path = "NSString+SBJSON.m"; sourceTree = "<group>"; };
		32C62C9E12F695CB00D4708A /* SBJsonBase.h */ = {isa = PBXFileReference; fileEncoding = 4; lastKnownFileType = sourcecode.c.h; path = SBJsonBase.h; sourceTree = "<group>"; };
		32C62C9F12F695CB00D4708A /* SBJsonBase.m */ = {isa = PBXFileReference; fileEncoding = 4; lastKnownFileType = sourcecode.c.objc; path = SBJsonBase.m; sourceTree = "<group>"; };
		32C62CA012F695CB00D4708A /* SBJsonParser.h */ = {isa = PBXFileReference; fileEncoding = 4; lastKnownFileType = sourcecode.c.h; path = SBJsonParser.h; sourceTree = "<group>"; };
		32C62CA112F695CB00D4708A /* SBJsonParser.m */ = {isa = PBXFileReference; fileEncoding = 4; lastKnownFileType = sourcecode.c.objc; path = SBJsonParser.m; sourceTree = "<group>"; };
		32C62CA212F695CB00D4708A /* SBJsonStreamWriter.h */ = {isa = PBXFileReference; fileEncoding = 4; lastKnownFileType = sourcecode.c.h; path = SBJsonStreamWriter.h; sourceTree = "<group>"; };
		32C62CA312F695CB00D4708A /* SBJsonStreamWriter.m */ = {isa = PBXFileReference; fileEncoding = 4; lastKnownFileType = sourcecode.c.objc; path = SBJsonStreamWriter.m; sourceTree = "<group>"; };
		32C62CA412F695CB00D4708A /* SBJsonWriter.h */ = {isa = PBXFileReference; fileEncoding = 4; lastKnownFileType = sourcecode.c.h; path = SBJsonWriter.h; sourceTree = "<group>"; };
		32C62CA512F695CB00D4708A /* SBJsonWriter.m */ = {isa = PBXFileReference; fileEncoding = 4; lastKnownFileType = sourcecode.c.objc; path = SBJsonWriter.m; sourceTree = "<group>"; };
		32C62CA612F695CB00D4708A /* SBProxyForJson.h */ = {isa = PBXFileReference; fileEncoding = 4; lastKnownFileType = sourcecode.c.h; path = SBProxyForJson.h; sourceTree = "<group>"; };
		32C6C88C12F83AC500B26843 /* WebSocket.h */ = {isa = PBXFileReference; fileEncoding = 4; lastKnownFileType = sourcecode.c.h; path = WebSocket.h; sourceTree = "<group>"; };
		32C6C88D12F83AC500B26843 /* WebSocket.m */ = {isa = PBXFileReference; fileEncoding = 4; lastKnownFileType = sourcecode.c.objc; path = WebSocket.m; sourceTree = "<group>"; };
		32C6C9AF12F850AB00B26843 /* dsa_pub.pem */ = {isa = PBXFileReference; fileEncoding = 4; lastKnownFileType = text; path = dsa_pub.pem; sourceTree = "<group>"; };
		32C6C9E812F8652100B26843 /* Sparkle.framework */ = {isa = PBXFileReference; lastKnownFileType = wrapper.framework; path = Sparkle.framework; sourceTree = "<group>"; };
		32C6C9F712F86C6D00B26843 /* release_notes.txt */ = {isa = PBXFileReference; fileEncoding = 4; lastKnownFileType = text; path = release_notes.txt; sourceTree = "<group>"; };
		32E4DD5312F65BE60054B867 /* AMiOSApp.h */ = {isa = PBXFileReference; fileEncoding = 4; lastKnownFileType = sourcecode.c.h; path = AMiOSApp.h; sourceTree = "<group>"; };
		32E4DD5412F65BE60054B867 /* AMiOSApp.m */ = {isa = PBXFileReference; fileEncoding = 4; lastKnownFileType = sourcecode.c.objc; path = AMiOSApp.m; sourceTree = "<group>"; };
		32FBA6FD12F46A5300F7680A /* AppBallAppDelegate.h */ = {isa = PBXFileReference; fileEncoding = 4; lastKnownFileType = sourcecode.c.h; path = AppBallAppDelegate.h; sourceTree = "<group>"; };
		32FBA6FE12F46A5300F7680A /* AppBallAppDelegate.m */ = {isa = PBXFileReference; fileEncoding = 4; lastKnownFileType = sourcecode.c.objc; path = AppBallAppDelegate.m; sourceTree = "<group>"; };
		32FBA6FF12F46A5300F7680A /* DropView.h */ = {isa = PBXFileReference; fileEncoding = 4; lastKnownFileType = sourcecode.c.h; path = DropView.h; sourceTree = "<group>"; };
		32FBA70012F46A5300F7680A /* DropView.m */ = {isa = PBXFileReference; fileEncoding = 4; lastKnownFileType = sourcecode.c.objc; path = DropView.m; sourceTree = "<group>"; };
		32FBA75612F471E100F7680A /* drop_none.png */ = {isa = PBXFileReference; lastKnownFileType = image.png; path = drop_none.png; sourceTree = "<group>"; };
		32FBA75712F471E100F7680A /* drop_on.png */ = {isa = PBXFileReference; lastKnownFileType = image.png; path = drop_on.png; sourceTree = "<group>"; };
		32FBD5C312F7FB8D00255254 /* DDData.h */ = {isa = PBXFileReference; fileEncoding = 4; lastKnownFileType = sourcecode.c.h; path = DDData.h; sourceTree = "<group>"; };
		32FBD5C412F7FB8D00255254 /* DDData.m */ = {isa = PBXFileReference; fileEncoding = 4; lastKnownFileType = sourcecode.c.objc; path = DDData.m; sourceTree = "<group>"; };
		32FBD5C512F7FB8D00255254 /* DDNumber.h */ = {isa = PBXFileReference; fileEncoding = 4; lastKnownFileType = sourcecode.c.h; path = DDNumber.h; sourceTree = "<group>"; };
		32FBD5C612F7FB8D00255254 /* DDNumber.m */ = {isa = PBXFileReference; fileEncoding = 4; lastKnownFileType = sourcecode.c.objc; path = DDNumber.m; sourceTree = "<group>"; };
		32FBD5C712F7FB8D00255254 /* DDRange.h */ = {isa = PBXFileReference; fileEncoding = 4; lastKnownFileType = sourcecode.c.h; path = DDRange.h; sourceTree = "<group>"; };
		32FBD5C812F7FB8D00255254 /* DDRange.m */ = {isa = PBXFileReference; fileEncoding = 4; lastKnownFileType = sourcecode.c.objc; path = DDRange.m; sourceTree = "<group>"; };
		32FBD5C912F7FB8D00255254 /* HTTPAsyncFileResponse.h */ = {isa = PBXFileReference; fileEncoding = 4; lastKnownFileType = sourcecode.c.h; path = HTTPAsyncFileResponse.h; sourceTree = "<group>"; };
		32FBD5CA12F7FB8D00255254 /* HTTPAsyncFileResponse.m */ = {isa = PBXFileReference; fileEncoding = 4; lastKnownFileType = sourcecode.c.objc; path = HTTPAsyncFileResponse.m; sourceTree = "<group>"; };
		32FBD5CB12F7FB8D00255254 /* HTTPAuthenticationRequest.h */ = {isa = PBXFileReference; fileEncoding = 4; lastKnownFileType = sourcecode.c.h; path = HTTPAuthenticationRequest.h; sourceTree = "<group>"; };
		32FBD5CC12F7FB8D00255254 /* HTTPAuthenticationRequest.m */ = {isa = PBXFileReference; fileEncoding = 4; lastKnownFileType = sourcecode.c.objc; path = HTTPAuthenticationRequest.m; sourceTree = "<group>"; };
		32FBD5CD12F7FB8D00255254 /* HTTPConnection.h */ = {isa = PBXFileReference; fileEncoding = 4; lastKnownFileType = sourcecode.c.h; path = HTTPConnection.h; sourceTree = "<group>"; };
		32FBD5CE12F7FB8D00255254 /* HTTPConnection.m */ = {isa = PBXFileReference; fileEncoding = 4; lastKnownFileType = sourcecode.c.objc; path = HTTPConnection.m; sourceTree = "<group>"; };
		32FBD5CF12F7FB8D00255254 /* HTTPDataResponse.h */ = {isa = PBXFileReference; fileEncoding = 4; lastKnownFileType = sourcecode.c.h; path = HTTPDataResponse.h; sourceTree = "<group>"; };
		32FBD5D012F7FB8D00255254 /* HTTPDataResponse.m */ = {isa = PBXFileReference; fileEncoding = 4; lastKnownFileType = sourcecode.c.objc; path = HTTPDataResponse.m; sourceTree = "<group>"; };
		32FBD5D112F7FB8D00255254 /* HTTPDynamicFileResponse.h */ = {isa = PBXFileReference; fileEncoding = 4; lastKnownFileType = sourcecode.c.h; path = HTTPDynamicFileResponse.h; sourceTree = "<group>"; };
		32FBD5D212F7FB8D00255254 /* HTTPDynamicFileResponse.m */ = {isa = PBXFileReference; fileEncoding = 4; lastKnownFileType = sourcecode.c.objc; path = HTTPDynamicFileResponse.m; sourceTree = "<group>"; };
		32FBD5D312F7FB8D00255254 /* HTTPFileResponse.h */ = {isa = PBXFileReference; fileEncoding = 4; lastKnownFileType = sourcecode.c.h; path = HTTPFileResponse.h; sourceTree = "<group>"; };
		32FBD5D412F7FB8D00255254 /* HTTPFileResponse.m */ = {isa = PBXFileReference; fileEncoding = 4; lastKnownFileType = sourcecode.c.objc; path = HTTPFileResponse.m; sourceTree = "<group>"; };
		32FBD5D512F7FB8D00255254 /* HTTPLogging.h */ = {isa = PBXFileReference; fileEncoding = 4; lastKnownFileType = sourcecode.c.h; path = HTTPLogging.h; sourceTree = "<group>"; };
		32FBD5D612F7FB8D00255254 /* HTTPMessage.h */ = {isa = PBXFileReference; fileEncoding = 4; lastKnownFileType = sourcecode.c.h; path = HTTPMessage.h; sourceTree = "<group>"; };
		32FBD5D712F7FB8D00255254 /* HTTPMessage.m */ = {isa = PBXFileReference; fileEncoding = 4; lastKnownFileType = sourcecode.c.objc; path = HTTPMessage.m; sourceTree = "<group>"; };
		32FBD5D812F7FB8D00255254 /* HTTPRedirectResponse.h */ = {isa = PBXFileReference; fileEncoding = 4; lastKnownFileType = sourcecode.c.h; path = HTTPRedirectResponse.h; sourceTree = "<group>"; };
		32FBD5D912F7FB8D00255254 /* HTTPRedirectResponse.m */ = {isa = PBXFileReference; fileEncoding = 4; lastKnownFileType = sourcecode.c.objc; path = HTTPRedirectResponse.m; sourceTree = "<group>"; };
		32FBD5DA12F7FB8D00255254 /* HTTPResponse.h */ = {isa = PBXFileReference; fileEncoding = 4; lastKnownFileType = sourcecode.c.h; path = HTTPResponse.h; sourceTree = "<group>"; };
		32FBD5DB12F7FB8D00255254 /* HTTPServer.h */ = {isa = PBXFileReference; fileEncoding = 4; lastKnownFileType = sourcecode.c.h; path = HTTPServer.h; sourceTree = "<group>"; };
		32FBD5DC12F7FB8D00255254 /* HTTPServer.m */ = {isa = PBXFileReference; fileEncoding = 4; lastKnownFileType = sourcecode.c.objc; path = HTTPServer.m; sourceTree = "<group>"; };
		32FBD5DD12F7FB8D00255254 /* LICENSE.txt */ = {isa = PBXFileReference; fileEncoding = 4; lastKnownFileType = text; path = LICENSE.txt; sourceTree = "<group>"; };
		32FBD5E012F7FB8D00255254 /* About.txt */ = {isa = PBXFileReference; fileEncoding = 4; lastKnownFileType = text; path = About.txt; sourceTree = "<group>"; };
		32FBD5E112F7FB8D00255254 /* GCDAsyncSocket.h */ = {isa = PBXFileReference; fileEncoding = 4; lastKnownFileType = sourcecode.c.h; path = GCDAsyncSocket.h; sourceTree = "<group>"; };
		32FBD5E212F7FB8D00255254 /* GCDAsyncSocket.m */ = {isa = PBXFileReference; fileEncoding = 4; lastKnownFileType = sourcecode.c.objc; path = GCDAsyncSocket.m; sourceTree = "<group>"; };
		32FBD5E412F7FB8D00255254 /* About.txt */ = {isa = PBXFileReference; fileEncoding = 4; lastKnownFileType = text; path = About.txt; sourceTree = "<group>"; };
		32FBD5E512F7FB8D00255254 /* DDASLLogger.h */ = {isa = PBXFileReference; fileEncoding = 4; lastKnownFileType = sourcecode.c.h; path = DDASLLogger.h; sourceTree = "<group>"; };
		32FBD5E612F7FB8D00255254 /* DDASLLogger.m */ = {isa = PBXFileReference; fileEncoding = 4; lastKnownFileType = sourcecode.c.objc; path = DDASLLogger.m; sourceTree = "<group>"; };
		32FBD5E712F7FB8D00255254 /* DDFileLogger.h */ = {isa = PBXFileReference; fileEncoding = 4; lastKnownFileType = sourcecode.c.h; path = DDFileLogger.h; sourceTree = "<group>"; };
		32FBD5E812F7FB8D00255254 /* DDFileLogger.m */ = {isa = PBXFileReference; fileEncoding = 4; lastKnownFileType = sourcecode.c.objc; path = DDFileLogger.m; sourceTree = "<group>"; };
		32FBD5E912F7FB8D00255254 /* DDLog.h */ = {isa = PBXFileReference; fileEncoding = 4; lastKnownFileType = sourcecode.c.h; path = DDLog.h; sourceTree = "<group>"; };
		32FBD5EA12F7FB8D00255254 /* DDLog.m */ = {isa = PBXFileReference; fileEncoding = 4; lastKnownFileType = sourcecode.c.objc; path = DDLog.m; sourceTree = "<group>"; };
		32FBD5EB12F7FB8D00255254 /* DDTTYLogger.h */ = {isa = PBXFileReference; fileEncoding = 4; lastKnownFileType = sourcecode.c.h; path = DDTTYLogger.h; sourceTree = "<group>"; };
		32FBD5EC12F7FB8D00255254 /* DDTTYLogger.m */ = {isa = PBXFileReference; fileEncoding = 4; lastKnownFileType = sourcecode.c.objc; path = DDTTYLogger.m; sourceTree = "<group>"; };
		32FBD66F12F8009E00255254 /* Security.framework */ = {isa = PBXFileReference; lastKnownFileType = wrapper.framework; name = Security.framework; path = System/Library/Frameworks/Security.framework; sourceTree = SDKROOT; };
		32FBD6B412F800BD00255254 /* libz.dylib */ = {isa = PBXFileReference; lastKnownFileType = "compiled.mach-o.dylib"; name = libz.dylib; path = usr/lib/libz.dylib; sourceTree = SDKROOT; };
		8D1107310486CEB800E47090 /* AppBall-Info.plist */ = {isa = PBXFileReference; fileEncoding = 4; lastKnownFileType = text.plist.xml; path = "AppBall-Info.plist"; sourceTree = "<group>"; };
		8D1107320486CEB800E47090 /* AppBall.app */ = {isa = PBXFileReference; explicitFileType = wrapper.application; includeInIndex = 0; path = AppBall.app; sourceTree = BUILT_PRODUCTS_DIR; };
/* End PBXFileReference section */

/* Begin PBXFrameworksBuildPhase section */
		8D11072E0486CEB800E47090 /* Frameworks */ = {
			isa = PBXFrameworksBuildPhase;
			buildActionMask = 2147483647;
			files = (
				8D11072F0486CEB800E47090 /* Cocoa.framework in Frameworks */,
				326109AE12F7B6F100239271 /* QuartzCore.framework in Frameworks */,
				32FBD67012F8009E00255254 /* Security.framework in Frameworks */,
				32FBD6B512F800BD00255254 /* libz.dylib in Frameworks */,
				32C6C9E912F8652100B26843 /* Sparkle.framework in Frameworks */,
			);
			runOnlyForDeploymentPostprocessing = 0;
		};
/* End PBXFrameworksBuildPhase section */

/* Begin PBXGroup section */
		080E96DDFE201D6D7F000001 /* Classes */ = {
			isa = PBXGroup;
			children = (
				32C62C9812F695CB00D4708A /* JSON */,
				32A7958E12F613E500E7C0AB /* SimpleHTTPServer */,
				3261081D12F7A86600239271 /* PNGNormalizer */,
				32A79A0D12F71E6700E7C0AB /* Utils */,
				32FBA6FF12F46A5300F7680A /* DropView.h */,
				32FBA70012F46A5300F7680A /* DropView.m */,
				32FBA6FD12F46A5300F7680A /* AppBallAppDelegate.h */,
				32FBA6FE12F46A5300F7680A /* AppBallAppDelegate.m */,
			);
			path = Classes;
			sourceTree = "<group>";
		};
		1058C7A0FEA54F0111CA2CBB /* Linked Frameworks */ = {
			isa = PBXGroup;
			children = (
				32C6C9E812F8652100B26843 /* Sparkle.framework */,
				32FBD6B412F800BD00255254 /* libz.dylib */,
				326109AD12F7B6F100239271 /* QuartzCore.framework */,
				1058C7A1FEA54F0111CA2CBB /* Cocoa.framework */,
				32FBD66F12F8009E00255254 /* Security.framework */,
			);
			name = "Linked Frameworks";
			sourceTree = "<group>";
		};
		1058C7A2FEA54F0111CA2CBB /* Other Frameworks */ = {
			isa = PBXGroup;
			children = (
				29B97324FDCFA39411CA2CEA /* AppKit.framework */,
				13E42FB307B3F0F600E4EEF1 /* CoreData.framework */,
				29B97325FDCFA39411CA2CEA /* Foundation.framework */,
			);
			name = "Other Frameworks";
			sourceTree = "<group>";
		};
		19C28FACFE9D520D11CA2CBB /* Products */ = {
			isa = PBXGroup;
			children = (
				8D1107320486CEB800E47090 /* AppBall.app */,
			);
			name = Products;
			sourceTree = "<group>";
		};
		29B97314FDCFA39411CA2CEA /* AirMock */ = {
			isa = PBXGroup;
			children = (
				080E96DDFE201D6D7F000001 /* Classes */,
				29B97315FDCFA39411CA2CEA /* Other Sources */,
				29B97317FDCFA39411CA2CEA /* Resources */,
				29B97323FDCFA39411CA2CEA /* Frameworks */,
				19C28FACFE9D520D11CA2CBB /* Products */,
			);
			name = AirMock;
			sourceTree = "<group>";
		};
		29B97315FDCFA39411CA2CEA /* Other Sources */ = {
			isa = PBXGroup;
			children = (
				256AC3F00F4B6AF500CF3369 /* AppBall_Prefix.pch */,
				29B97316FDCFA39411CA2CEA /* main.m */,
			);
			name = "Other Sources";
			sourceTree = "<group>";
		};
		29B97317FDCFA39411CA2CEA /* Resources */ = {
			isa = PBXGroup;
			children = (
				32FBA75512F471E100F7680A /* Images */,
				32C6C9AF12F850AB00B26843 /* dsa_pub.pem */,
				3261075A12F7990F00239271 /* Icon.icns */,
				32C62C8B12F6947400D4708A /* template.plist */,
				8D1107310486CEB800E47090 /* AppBall-Info.plist */,
				089C165CFE840E0CC02AAC07 /* InfoPlist.strings */,
				1DDD58140DA1D0A300B32029 /* MainMenu.xib */,
				32C6C9F712F86C6D00B26843 /* release_notes.txt */,
				32A7966E12F618C100E7C0AB /* todo.txt */,
			);
			name = Resources;
			sourceTree = "<group>";
		};
		29B97323FDCFA39411CA2CEA /* Frameworks */ = {
			isa = PBXGroup;
			children = (
				1058C7A0FEA54F0111CA2CBB /* Linked Frameworks */,
				1058C7A2FEA54F0111CA2CBB /* Other Frameworks */,
			);
			name = Frameworks;
			sourceTree = "<group>";
		};
		3261081D12F7A86600239271 /* PNGNormalizer */ = {
			isa = PBXGroup;
			children = (
				3261086F12F7A86600239271 /* crc32.c */,
				3261087012F7A86600239271 /* crc32.h */,
				3261087112F7A86600239271 /* deflate.c */,
				3261087212F7A86600239271 /* deflate.h */,
				3261087312F7A86600239271 /* LICENSE */,
				3261087412F7A86600239271 /* PNGNormalizer.h */,
				3261087512F7A86600239271 /* PNGNormalizer.m */,
				3261087612F7A86600239271 /* README */,
			);
			path = PNGNormalizer;
			sourceTree = "<group>";
		};
		32A7958E12F613E500E7C0AB /* SimpleHTTPServer */ = {
			isa = PBXGroup;
			children = (
				32FBD5DE12F7FB8D00255254 /* Vendor */,
				32FBD5C312F7FB8D00255254 /* DDData.h */,
				32FBD5C412F7FB8D00255254 /* DDData.m */,
				32FBD5C512F7FB8D00255254 /* DDNumber.h */,
				32FBD5C612F7FB8D00255254 /* DDNumber.m */,
				32FBD5C712F7FB8D00255254 /* DDRange.h */,
				32FBD5C812F7FB8D00255254 /* DDRange.m */,
				32FBD5C912F7FB8D00255254 /* HTTPAsyncFileResponse.h */,
				32FBD5CA12F7FB8D00255254 /* HTTPAsyncFileResponse.m */,
				32FBD5CB12F7FB8D00255254 /* HTTPAuthenticationRequest.h */,
				32FBD5CC12F7FB8D00255254 /* HTTPAuthenticationRequest.m */,
				32FBD5CD12F7FB8D00255254 /* HTTPConnection.h */,
				32FBD5CE12F7FB8D00255254 /* HTTPConnection.m */,
				32FBD5CF12F7FB8D00255254 /* HTTPDataResponse.h */,
				32FBD5D012F7FB8D00255254 /* HTTPDataResponse.m */,
				32FBD5D112F7FB8D00255254 /* HTTPDynamicFileResponse.h */,
				32FBD5D212F7FB8D00255254 /* HTTPDynamicFileResponse.m */,
				32FBD5D312F7FB8D00255254 /* HTTPFileResponse.h */,
				32FBD5D412F7FB8D00255254 /* HTTPFileResponse.m */,
				32FBD5D512F7FB8D00255254 /* HTTPLogging.h */,
				32FBD5D612F7FB8D00255254 /* HTTPMessage.h */,
				32FBD5D712F7FB8D00255254 /* HTTPMessage.m */,
				32FBD5D812F7FB8D00255254 /* HTTPRedirectResponse.h */,
				32FBD5D912F7FB8D00255254 /* HTTPRedirectResponse.m */,
				32FBD5DA12F7FB8D00255254 /* HTTPResponse.h */,
				32FBD5DB12F7FB8D00255254 /* HTTPServer.h */,
				32FBD5DC12F7FB8D00255254 /* HTTPServer.m */,
				32C6C88C12F83AC500B26843 /* WebSocket.h */,
				32C6C88D12F83AC500B26843 /* WebSocket.m */,
				32FBD5DD12F7FB8D00255254 /* LICENSE.txt */,
			);
			path = SimpleHTTPServer;
			sourceTree = "<group>";
		};
		32A79A0D12F71E6700E7C0AB /* Utils */ = {
			isa = PBXGroup;
			children = (
				32A7969512F61D1E00E7C0AB /* AMHTTPConnection.h */,
				32A7969612F61D1E00E7C0AB /* AMHTTPConnection.m */,
				32E4DD5312F65BE60054B867 /* AMiOSApp.h */,
				32E4DD5412F65BE60054B867 /* AMiOSApp.m */,
				32C62C3412F6895300D4708A /* AMDataHelper.h */,
				32C62C3512F6895300D4708A /* AMDataHelper.m */,
			);
			name = Utils;
			sourceTree = "<group>";
		};
		32C62C9812F695CB00D4708A /* JSON */ = {
			isa = PBXGroup;
			children = (
				32C62C9912F695CB00D4708A /* JSON.h */,
				32C62C9A12F695CB00D4708A /* NSObject+SBJSON.h */,
				32C62C9B12F695CB00D4708A /* NSObject+SBJSON.m */,
				32C62C9C12F695CB00D4708A /* NSString+SBJSON.h */,
				32C62C9D12F695CB00D4708A /* NSString+SBJSON.m */,
				32C62C9E12F695CB00D4708A /* SBJsonBase.h */,
				32C62C9F12F695CB00D4708A /* SBJsonBase.m */,
				32C62CA012F695CB00D4708A /* SBJsonParser.h */,
				32C62CA112F695CB00D4708A /* SBJsonParser.m */,
				32C62CA212F695CB00D4708A /* SBJsonStreamWriter.h */,
				32C62CA312F695CB00D4708A /* SBJsonStreamWriter.m */,
				32C62CA412F695CB00D4708A /* SBJsonWriter.h */,
				32C62CA512F695CB00D4708A /* SBJsonWriter.m */,
				32C62CA612F695CB00D4708A /* SBProxyForJson.h */,
			);
			path = JSON;
			sourceTree = "<group>";
		};
		32FBA75512F471E100F7680A /* Images */ = {
			isa = PBXGroup;
			children = (
				32FBA75612F471E100F7680A /* drop_none.png */,
				32FBA75712F471E100F7680A /* drop_on.png */,
			);
			path = Images;
			sourceTree = "<group>";
		};
		32FBD5DE12F7FB8D00255254 /* Vendor */ = {
			isa = PBXGroup;
			children = (
				32FBD5DF12F7FB8D00255254 /* CocoaAsyncSocket */,
				32FBD5E312F7FB8D00255254 /* CocoaLumberjack */,
			);
			path = Vendor;
			sourceTree = "<group>";
		};
		32FBD5DF12F7FB8D00255254 /* CocoaAsyncSocket */ = {
			isa = PBXGroup;
			children = (
				32FBD5E012F7FB8D00255254 /* About.txt */,
				32FBD5E112F7FB8D00255254 /* GCDAsyncSocket.h */,
				32FBD5E212F7FB8D00255254 /* GCDAsyncSocket.m */,
			);
			path = CocoaAsyncSocket;
			sourceTree = "<group>";
		};
		32FBD5E312F7FB8D00255254 /* CocoaLumberjack */ = {
			isa = PBXGroup;
			children = (
				32FBD5E412F7FB8D00255254 /* About.txt */,
				32FBD5E512F7FB8D00255254 /* DDASLLogger.h */,
				32FBD5E612F7FB8D00255254 /* DDASLLogger.m */,
				32FBD5E712F7FB8D00255254 /* DDFileLogger.h */,
				32FBD5E812F7FB8D00255254 /* DDFileLogger.m */,
				32FBD5E912F7FB8D00255254 /* DDLog.h */,
				32FBD5EA12F7FB8D00255254 /* DDLog.m */,
				32FBD5EB12F7FB8D00255254 /* DDTTYLogger.h */,
				32FBD5EC12F7FB8D00255254 /* DDTTYLogger.m */,
			);
			path = CocoaLumberjack;
			sourceTree = "<group>";
		};
/* End PBXGroup section */

/* Begin PBXNativeTarget section */
		8D1107260486CEB800E47090 /* AppBall */ = {
			isa = PBXNativeTarget;
			buildConfigurationList = C01FCF4A08A954540054247B /* Build configuration list for PBXNativeTarget "AppBall" */;
			buildPhases = (
				8D1107290486CEB800E47090 /* Resources */,
				8D11072C0486CEB800E47090 /* Sources */,
				8D11072E0486CEB800E47090 /* Frameworks */,
				32C6C9AC12F84FCE00B26843 /* CopyFiles */,
			);
			buildRules = (
			);
			dependencies = (
			);
			name = AppBall;
			productInstallPath = "$(HOME)/Applications";
			productName = AirMock;
			productReference = 8D1107320486CEB800E47090 /* AppBall.app */;
			productType = "com.apple.product-type.application";
		};
/* End PBXNativeTarget section */

/* Begin PBXProject section */
		29B97313FDCFA39411CA2CEA /* Project object */ = {
			isa = PBXProject;
			buildConfigurationList = C01FCF4E08A954540054247B /* Build configuration list for PBXProject "AppBall" */;
			compatibilityVersion = "Xcode 3.1";
			developmentRegion = English;
			hasScannedForEncodings = 1;
			knownRegions = (
				English,
				Japanese,
				French,
				German,
			);
			mainGroup = 29B97314FDCFA39411CA2CEA /* AirMock */;
			projectDirPath = "";
			projectRoot = "";
			targets = (
				8D1107260486CEB800E47090 /* AppBall */,
			);
		};
/* End PBXProject section */

/* Begin PBXResourcesBuildPhase section */
		8D1107290486CEB800E47090 /* Resources */ = {
			isa = PBXResourcesBuildPhase;
			buildActionMask = 2147483647;
			files = (
				8D11072B0486CEB800E47090 /* InfoPlist.strings in Resources */,
				1DDD58160DA1D0A300B32029 /* MainMenu.xib in Resources */,
				32FBA75812F471E100F7680A /* drop_none.png in Resources */,
				32FBA75912F471E100F7680A /* drop_on.png in Resources */,
				32A7966F12F618C100E7C0AB /* todo.txt in Resources */,
				32C62C8C12F6947400D4708A /* template.plist in Resources */,
				3261075B12F7990F00239271 /* Icon.icns in Resources */,
				326108A612F7A86600239271 /* LICENSE in Resources */,
				326108A812F7A86600239271 /* README in Resources */,
				32FBD5FB12F7FB8D00255254 /* LICENSE.txt in Resources */,
				32C6C9B012F850AB00B26843 /* dsa_pub.pem in Resources */,
				32C6C9F812F86C6D00B26843 /* release_notes.txt in Resources */,
			);
			runOnlyForDeploymentPostprocessing = 0;
		};
/* End PBXResourcesBuildPhase section */

/* Begin PBXSourcesBuildPhase section */
		8D11072C0486CEB800E47090 /* Sources */ = {
			isa = PBXSourcesBuildPhase;
			buildActionMask = 2147483647;
			files = (
				8D11072D0486CEB800E47090 /* main.m in Sources */,
				32FBA70112F46A5300F7680A /* AppBallAppDelegate.m in Sources */,
				32FBA70212F46A5300F7680A /* DropView.m in Sources */,
				32A7969712F61D1E00E7C0AB /* AMHTTPConnection.m in Sources */,
				32E4DD5512F65BE60054B867 /* AMiOSApp.m in Sources */,
				32C62C3612F6895300D4708A /* AMDataHelper.m in Sources */,
				32C62CA712F695CB00D4708A /* NSObject+SBJSON.m in Sources */,
				32C62CA812F695CB00D4708A /* NSString+SBJSON.m in Sources */,
				32C62CA912F695CB00D4708A /* SBJsonBase.m in Sources */,
				32C62CAA12F695CB00D4708A /* SBJsonParser.m in Sources */,
				32C62CAB12F695CB00D4708A /* SBJsonStreamWriter.m in Sources */,
				32C62CAC12F695CB00D4708A /* SBJsonWriter.m in Sources */,
				326108A412F7A86600239271 /* crc32.c in Sources */,
				326108A512F7A86600239271 /* deflate.c in Sources */,
				326108A712F7A86600239271 /* PNGNormalizer.m in Sources */,
				32FBD5EF12F7FB8D00255254 /* DDData.m in Sources */,
				32FBD5F012F7FB8D00255254 /* DDNumber.m in Sources */,
				32FBD5F112F7FB8D00255254 /* DDRange.m in Sources */,
				32FBD5F212F7FB8D00255254 /* HTTPAsyncFileResponse.m in Sources */,
				32FBD5F312F7FB8D00255254 /* HTTPAuthenticationRequest.m in Sources */,
				32FBD5F412F7FB8D00255254 /* HTTPConnection.m in Sources */,
				32FBD5F512F7FB8D00255254 /* HTTPDataResponse.m in Sources */,
				32FBD5F612F7FB8D00255254 /* HTTPDynamicFileResponse.m in Sources */,
				32FBD5F712F7FB8D00255254 /* HTTPFileResponse.m in Sources */,
				32FBD5F812F7FB8D00255254 /* HTTPMessage.m in Sources */,
				32FBD5F912F7FB8D00255254 /* HTTPRedirectResponse.m in Sources */,
				32FBD5FA12F7FB8D00255254 /* HTTPServer.m in Sources */,
				32FBD5FD12F7FB8D00255254 /* GCDAsyncSocket.m in Sources */,
				32FBD5FF12F7FB8D00255254 /* DDASLLogger.m in Sources */,
				32FBD60012F7FB8D00255254 /* DDFileLogger.m in Sources */,
				32FBD60112F7FB8D00255254 /* DDLog.m in Sources */,
				32FBD60212F7FB8D00255254 /* DDTTYLogger.m in Sources */,
				32C6C88E12F83AC500B26843 /* WebSocket.m in Sources */,
			);
			runOnlyForDeploymentPostprocessing = 0;
		};
/* End PBXSourcesBuildPhase section */

/* Begin PBXVariantGroup section */
		089C165CFE840E0CC02AAC07 /* InfoPlist.strings */ = {
			isa = PBXVariantGroup;
			children = (
				089C165DFE840E0CC02AAC07 /* English */,
			);
			name = InfoPlist.strings;
			sourceTree = "<group>";
		};
		1DDD58140DA1D0A300B32029 /* MainMenu.xib */ = {
			isa = PBXVariantGroup;
			children = (
				1DDD58150DA1D0A300B32029 /* English */,
			);
			name = MainMenu.xib;
			sourceTree = "<group>";
		};
/* End PBXVariantGroup section */

/* Begin XCBuildConfiguration section */
		C01FCF4B08A954540054247B /* Debug */ = {
			isa = XCBuildConfiguration;
			buildSettings = {
				ALWAYS_SEARCH_USER_PATHS = NO;
				COPY_PHASE_STRIP = NO;
				FRAMEWORK_SEARCH_PATHS = (
					"$(inherited)",
					"\"$(SRCROOT)\"",
				);
				GCC_DYNAMIC_NO_PIC = NO;
				GCC_ENABLE_FIX_AND_CONTINUE = YES;
				GCC_MODEL_TUNING = G5;
				GCC_OPTIMIZATION_LEVEL = 0;
				GCC_PRECOMPILE_PREFIX_HEADER = YES;
				GCC_PREFIX_HEADER = AppBall_Prefix.pch;
				INFOPLIST_FILE = "AppBall-Info.plist";
				INSTALL_PATH = "$(HOME)/Applications";
				PRODUCT_NAME = AppBall;
			};
			name = Debug;
		};
		C01FCF4C08A954540054247B /* Release */ = {
			isa = XCBuildConfiguration;
			buildSettings = {
				ALWAYS_SEARCH_USER_PATHS = NO;
				DEBUG_INFORMATION_FORMAT = "dwarf-with-dsym";
				FRAMEWORK_SEARCH_PATHS = (
					"$(inherited)",
					"\"$(SRCROOT)\"",
				);
				GCC_MODEL_TUNING = G5;
				GCC_PRECOMPILE_PREFIX_HEADER = YES;
				GCC_PREFIX_HEADER = AppBall_Prefix.pch;
				INFOPLIST_FILE = "AppBall-Info.plist";
				INSTALL_PATH = "$(HOME)/Applications";
				PRODUCT_NAME = AppBall;
			};
			name = Release;
		};
		C01FCF4F08A954540054247B /* Debug */ = {
			isa = XCBuildConfiguration;
			buildSettings = {
				ARCHS = "$(ARCHS_STANDARD_32_64_BIT)";
				GCC_C_LANGUAGE_STANDARD = gnu99;
				GCC_OPTIMIZATION_LEVEL = 0;
				GCC_WARN_ABOUT_RETURN_TYPE = YES;
				GCC_WARN_UNUSED_VARIABLE = YES;
				ONLY_ACTIVE_ARCH = YES;
				PREBINDING = NO;
				SDKROOT = macosx10.6;
			};
			name = Debug;
		};
		C01FCF5008A954540054247B /* Release */ = {
			isa = XCBuildConfiguration;
			buildSettings = {
				ARCHS = "$(ARCHS_STANDARD_32_64_BIT)";
				GCC_C_LANGUAGE_STANDARD = gnu99;
				GCC_WARN_ABOUT_RETURN_TYPE = YES;
				GCC_WARN_UNUSED_VARIABLE = YES;
				PREBINDING = NO;
				SDKROOT = macosx10.6;
			};
			name = Release;
		};
/* End XCBuildConfiguration section */

/* Begin XCConfigurationList section */
		C01FCF4A08A954540054247B /* Build configuration list for PBXNativeTarget "AppBall" */ = {
			isa = XCConfigurationList;
			buildConfigurations = (
				C01FCF4B08A954540054247B /* Debug */,
				C01FCF4C08A954540054247B /* Release */,
			);
			defaultConfigurationIsVisible = 0;
			defaultConfigurationName = Release;
		};
		C01FCF4E08A954540054247B /* Build configuration list for PBXProject "AppBall" */ = {
			isa = XCConfigurationList;
			buildConfigurations = (
				C01FCF4F08A954540054247B /* Debug */,
				C01FCF5008A954540054247B /* Release */,
			);
			defaultConfigurationIsVisible = 0;
			defaultConfigurationName = Release;
		};
/* End XCConfigurationList section */
	};
	rootObject = 29B97313FDCFA39411CA2CEA /* Project object */;
}
