// !$*UTF8*$!
{
	archiveVersion = 1;
	classes = {
	};
	objectVersion = 45;
	objects = {

/* Begin PBXBuildFile section */
		1DDD58160DA1D0A300B32029 /* MainMenu.xib in Resources */ = {isa = PBXBuildFile; fileRef = 1DDD58140DA1D0A300B32029 /* MainMenu.xib */; };
		32A795A812F613F600E7C0AB /* SSCrypto.m in Sources */ = {isa = PBXBuildFile; fileRef = 32A7959112F613F600E7C0AB /* SSCrypto.m */; };
		32A795A912F613F600E7C0AB /* DDNumber.m in Sources */ = {isa = PBXBuildFile; fileRef = 32A7959412F613F600E7C0AB /* DDNumber.m */; };
		32A795AA12F613F600E7C0AB /* DDRange.m in Sources */ = {isa = PBXBuildFile; fileRef = 32A7959612F613F600E7C0AB /* DDRange.m */; };
		32A795AB12F613F600E7C0AB /* DDData.m in Sources */ = {isa = PBXBuildFile; fileRef = 32A7959812F613F600E7C0AB /* DDData.m */; };
		32A795AC12F613F600E7C0AB /* AsyncSocket.m in Sources */ = {isa = PBXBuildFile; fileRef = 32A7959B12F613F600E7C0AB /* AsyncSocket.m */; };
		32A795AD12F613F600E7C0AB /* HTTPAuthenticationRequest.m in Sources */ = {isa = PBXBuildFile; fileRef = 32A7959E12F613F600E7C0AB /* HTTPAuthenticationRequest.m */; };
		32A795AE12F613F600E7C0AB /* HTTPServer.m in Sources */ = {isa = PBXBuildFile; fileRef = 32A795A012F613F600E7C0AB /* HTTPServer.m */; };
		32A795AF12F613F600E7C0AB /* HTTPConnection.m in Sources */ = {isa = PBXBuildFile; fileRef = 32A795A212F613F600E7C0AB /* HTTPConnection.m */; };
		32A795B012F613F600E7C0AB /* HTTPResponse.m in Sources */ = {isa = PBXBuildFile; fileRef = 32A795A412F613F600E7C0AB /* HTTPResponse.m */; };
		32A795B112F613F600E7C0AB /* HTTPAsyncFileResponse.m in Sources */ = {isa = PBXBuildFile; fileRef = 32A795A712F613F600E7C0AB /* HTTPAsyncFileResponse.m */; };
		32A795C412F6146A00E7C0AB /* libcrypto.dylib in Frameworks */ = {isa = PBXBuildFile; fileRef = 32A795C312F6146A00E7C0AB /* libcrypto.dylib */; };
		32A7966F12F618C100E7C0AB /* todo.txt in Resources */ = {isa = PBXBuildFile; fileRef = 32A7966E12F618C100E7C0AB /* todo.txt */; };
		32A7969712F61D1E00E7C0AB /* AMHTTPConnection.m in Sources */ = {isa = PBXBuildFile; fileRef = 32A7969612F61D1E00E7C0AB /* AMHTTPConnection.m */; };
		32A79B1012F72EA400E7C0AB /* ThreadPoolServer.m in Sources */ = {isa = PBXBuildFile; fileRef = 32A79B0D12F72EA400E7C0AB /* ThreadPoolServer.m */; };
		32A79B1112F72EA400E7C0AB /* ThreadPerConnectionServer.m in Sources */ = {isa = PBXBuildFile; fileRef = 32A79B0F12F72EA400E7C0AB /* ThreadPerConnectionServer.m */; };
		32C62C3612F6895300D4708A /* AMDataHelper.m in Sources */ = {isa = PBXBuildFile; fileRef = 32C62C3512F6895300D4708A /* AMDataHelper.m */; };
		32C62C8C12F6947400D4708A /* template.plist in Resources */ = {isa = PBXBuildFile; fileRef = 32C62C8B12F6947400D4708A /* template.plist */; };
		32C62CA712F695CB00D4708A /* NSObject+SBJSON.m in Sources */ = {isa = PBXBuildFile; fileRef = 32C62C9B12F695CB00D4708A /* NSObject+SBJSON.m */; };
		32C62CA812F695CB00D4708A /* NSString+SBJSON.m in Sources */ = {isa = PBXBuildFile; fileRef = 32C62C9D12F695CB00D4708A /* NSString+SBJSON.m */; };
		32C62CA912F695CB00D4708A /* SBJsonBase.m in Sources */ = {isa = PBXBuildFile; fileRef = 32C62C9F12F695CB00D4708A /* SBJsonBase.m */; };
		32C62CAA12F695CB00D4708A /* SBJsonParser.m in Sources */ = {isa = PBXBuildFile; fileRef = 32C62CA112F695CB00D4708A /* SBJsonParser.m */; };
		32C62CAB12F695CB00D4708A /* SBJsonStreamWriter.m in Sources */ = {isa = PBXBuildFile; fileRef = 32C62CA312F695CB00D4708A /* SBJsonStreamWriter.m */; };
		32C62CAC12F695CB00D4708A /* SBJsonWriter.m in Sources */ = {isa = PBXBuildFile; fileRef = 32C62CA512F695CB00D4708A /* SBJsonWriter.m */; };
		32E4DD5512F65BE60054B867 /* AMiOSApp.m in Sources */ = {isa = PBXBuildFile; fileRef = 32E4DD5412F65BE60054B867 /* AMiOSApp.m */; };
		32FBA70112F46A5300F7680A /* AirMockAppDelegate.m in Sources */ = {isa = PBXBuildFile; fileRef = 32FBA6FE12F46A5300F7680A /* AirMockAppDelegate.m */; };
		32FBA70212F46A5300F7680A /* DropView.m in Sources */ = {isa = PBXBuildFile; fileRef = 32FBA70012F46A5300F7680A /* DropView.m */; };
		32FBA75812F471E100F7680A /* drop_none.png in Resources */ = {isa = PBXBuildFile; fileRef = 32FBA75612F471E100F7680A /* drop_none.png */; };
		32FBA75912F471E100F7680A /* drop_on.png in Resources */ = {isa = PBXBuildFile; fileRef = 32FBA75712F471E100F7680A /* drop_on.png */; };
		8D11072B0486CEB800E47090 /* InfoPlist.strings in Resources */ = {isa = PBXBuildFile; fileRef = 089C165CFE840E0CC02AAC07 /* InfoPlist.strings */; };
		8D11072D0486CEB800E47090 /* main.m in Sources */ = {isa = PBXBuildFile; fileRef = 29B97316FDCFA39411CA2CEA /* main.m */; settings = {ATTRIBUTES = (); }; };
		8D11072F0486CEB800E47090 /* Cocoa.framework in Frameworks */ = {isa = PBXBuildFile; fileRef = 1058C7A1FEA54F0111CA2CBB /* Cocoa.framework */; };
/* End PBXBuildFile section */

/* Begin PBXFileReference section */
		089C165DFE840E0CC02AAC07 /* English */ = {isa = PBXFileReference; fileEncoding = 4; lastKnownFileType = text.plist.strings; name = English; path = English.lproj/InfoPlist.strings; sourceTree = "<group>"; };
		1058C7A1FEA54F0111CA2CBB /* Cocoa.framework */ = {isa = PBXFileReference; lastKnownFileType = wrapper.framework; name = Cocoa.framework; path = /System/Library/Frameworks/Cocoa.framework; sourceTree = "<absolute>"; };
		13E42FB307B3F0F600E4EEF1 /* CoreData.framework */ = {isa = PBXFileReference; lastKnownFileType = wrapper.framework; name = CoreData.framework; path = /System/Library/Frameworks/CoreData.framework; sourceTree = "<absolute>"; };
		1DDD58150DA1D0A300B32029 /* English */ = {isa = PBXFileReference; lastKnownFileType = file.xib; name = English; path = English.lproj/MainMenu.xib; sourceTree = "<group>"; };
		256AC3F00F4B6AF500CF3369 /* AirMock_Prefix.pch */ = {isa = PBXFileReference; fileEncoding = 4; lastKnownFileType = sourcecode.c.h; path = AirMock_Prefix.pch; sourceTree = "<group>"; };
		29B97316FDCFA39411CA2CEA /* main.m */ = {isa = PBXFileReference; fileEncoding = 4; lastKnownFileType = sourcecode.c.objc; path = main.m; sourceTree = "<group>"; };
		29B97324FDCFA39411CA2CEA /* AppKit.framework */ = {isa = PBXFileReference; lastKnownFileType = wrapper.framework; name = AppKit.framework; path = /System/Library/Frameworks/AppKit.framework; sourceTree = "<absolute>"; };
		29B97325FDCFA39411CA2CEA /* Foundation.framework */ = {isa = PBXFileReference; lastKnownFileType = wrapper.framework; name = Foundation.framework; path = /System/Library/Frameworks/Foundation.framework; sourceTree = "<absolute>"; };
		32A7959012F613F600E7C0AB /* SSCrypto.h */ = {isa = PBXFileReference; fileEncoding = 4; lastKnownFileType = sourcecode.c.h; path = SSCrypto.h; sourceTree = "<group>"; };
		32A7959112F613F600E7C0AB /* SSCrypto.m */ = {isa = PBXFileReference; fileEncoding = 4; lastKnownFileType = sourcecode.c.objc; path = SSCrypto.m; sourceTree = "<group>"; };
		32A7959312F613F600E7C0AB /* DDNumber.h */ = {isa = PBXFileReference; fileEncoding = 4; lastKnownFileType = sourcecode.c.h; path = DDNumber.h; sourceTree = "<group>"; };
		32A7959412F613F600E7C0AB /* DDNumber.m */ = {isa = PBXFileReference; fileEncoding = 4; lastKnownFileType = sourcecode.c.objc; path = DDNumber.m; sourceTree = "<group>"; };
		32A7959512F613F600E7C0AB /* DDRange.h */ = {isa = PBXFileReference; fileEncoding = 4; lastKnownFileType = sourcecode.c.h; path = DDRange.h; sourceTree = "<group>"; };
		32A7959612F613F600E7C0AB /* DDRange.m */ = {isa = PBXFileReference; fileEncoding = 4; lastKnownFileType = sourcecode.c.objc; path = DDRange.m; sourceTree = "<group>"; };
		32A7959712F613F600E7C0AB /* DDData.h */ = {isa = PBXFileReference; fileEncoding = 4; lastKnownFileType = sourcecode.c.h; path = DDData.h; sourceTree = "<group>"; };
		32A7959812F613F600E7C0AB /* DDData.m */ = {isa = PBXFileReference; fileEncoding = 4; lastKnownFileType = sourcecode.c.objc; path = DDData.m; sourceTree = "<group>"; };
		32A7959A12F613F600E7C0AB /* AsyncSocket.h */ = {isa = PBXFileReference; fileEncoding = 4; lastKnownFileType = sourcecode.c.h; path = AsyncSocket.h; sourceTree = "<group>"; };
		32A7959B12F613F600E7C0AB /* AsyncSocket.m */ = {isa = PBXFileReference; fileEncoding = 4; lastKnownFileType = sourcecode.c.objc; path = AsyncSocket.m; sourceTree = "<group>"; };
		32A7959D12F613F600E7C0AB /* HTTPAuthenticationRequest.h */ = {isa = PBXFileReference; fileEncoding = 4; lastKnownFileType = sourcecode.c.h; path = HTTPAuthenticationRequest.h; sourceTree = "<group>"; };
		32A7959E12F613F600E7C0AB /* HTTPAuthenticationRequest.m */ = {isa = PBXFileReference; fileEncoding = 4; lastKnownFileType = sourcecode.c.objc; path = HTTPAuthenticationRequest.m; sourceTree = "<group>"; };
		32A7959F12F613F600E7C0AB /* HTTPServer.h */ = {isa = PBXFileReference; fileEncoding = 4; lastKnownFileType = sourcecode.c.h; path = HTTPServer.h; sourceTree = "<group>"; };
		32A795A012F613F600E7C0AB /* HTTPServer.m */ = {isa = PBXFileReference; fileEncoding = 4; lastKnownFileType = sourcecode.c.objc; path = HTTPServer.m; sourceTree = "<group>"; };
		32A795A112F613F600E7C0AB /* HTTPConnection.h */ = {isa = PBXFileReference; fileEncoding = 4; lastKnownFileType = sourcecode.c.h; path = HTTPConnection.h; sourceTree = "<group>"; };
		32A795A212F613F600E7C0AB /* HTTPConnection.m */ = {isa = PBXFileReference; fileEncoding = 4; lastKnownFileType = sourcecode.c.objc; path = HTTPConnection.m; sourceTree = "<group>"; };
		32A795A312F613F600E7C0AB /* HTTPResponse.h */ = {isa = PBXFileReference; fileEncoding = 4; lastKnownFileType = sourcecode.c.h; path = HTTPResponse.h; sourceTree = "<group>"; };
		32A795A412F613F600E7C0AB /* HTTPResponse.m */ = {isa = PBXFileReference; fileEncoding = 4; lastKnownFileType = sourcecode.c.objc; path = HTTPResponse.m; sourceTree = "<group>"; };
		32A795A612F613F600E7C0AB /* HTTPAsyncFileResponse.h */ = {isa = PBXFileReference; fileEncoding = 4; lastKnownFileType = sourcecode.c.h; path = HTTPAsyncFileResponse.h; sourceTree = "<group>"; };
		32A795A712F613F600E7C0AB /* HTTPAsyncFileResponse.m */ = {isa = PBXFileReference; fileEncoding = 4; lastKnownFileType = sourcecode.c.objc; path = HTTPAsyncFileResponse.m; sourceTree = "<group>"; };
		32A795C312F6146A00E7C0AB /* libcrypto.dylib */ = {isa = PBXFileReference; lastKnownFileType = "compiled.mach-o.dylib"; name = libcrypto.dylib; path = usr/lib/libcrypto.dylib; sourceTree = SDKROOT; };
		32A7966E12F618C100E7C0AB /* todo.txt */ = {isa = PBXFileReference; fileEncoding = 4; lastKnownFileType = text; path = todo.txt; sourceTree = "<group>"; };
		32A7969512F61D1E00E7C0AB /* AMHTTPConnection.h */ = {isa = PBXFileReference; fileEncoding = 4; lastKnownFileType = sourcecode.c.h; path = AMHTTPConnection.h; sourceTree = "<group>"; };
		32A7969612F61D1E00E7C0AB /* AMHTTPConnection.m */ = {isa = PBXFileReference; fileEncoding = 4; lastKnownFileType = sourcecode.c.objc; path = AMHTTPConnection.m; sourceTree = "<group>"; };
		32A79B0C12F72EA400E7C0AB /* ThreadPoolServer.h */ = {isa = PBXFileReference; fileEncoding = 4; lastKnownFileType = sourcecode.c.h; path = ThreadPoolServer.h; sourceTree = "<group>"; };
		32A79B0D12F72EA400E7C0AB /* ThreadPoolServer.m */ = {isa = PBXFileReference; fileEncoding = 4; lastKnownFileType = sourcecode.c.objc; path = ThreadPoolServer.m; sourceTree = "<group>"; };
		32A79B0E12F72EA400E7C0AB /* ThreadPerConnectionServer.h */ = {isa = PBXFileReference; fileEncoding = 4; lastKnownFileType = sourcecode.c.h; path = ThreadPerConnectionServer.h; sourceTree = "<group>"; };
		32A79B0F12F72EA400E7C0AB /* ThreadPerConnectionServer.m */ = {isa = PBXFileReference; fileEncoding = 4; lastKnownFileType = sourcecode.c.objc; path = ThreadPerConnectionServer.m; sourceTree = "<group>"; };
		32C62C3412F6895300D4708A /* AMDataHelper.h */ = {isa = PBXFileReference; fileEncoding = 4; lastKnownFileType = sourcecode.c.h; path = AMDataHelper.h; sourceTree = "<group>"; };
		32C62C3512F6895300D4708A /* AMDataHelper.m */ = {isa = PBXFileReference; fileEncoding = 4; lastKnownFileType = sourcecode.c.objc; path = AMDataHelper.m; sourceTree = "<group>"; };
		32C62C8B12F6947400D4708A /* template.plist */ = {isa = PBXFileReference; fileEncoding = 4; lastKnownFileType = text.plist.xml; path = template.plist; sourceTree = "<group>"; };
		32C62C9912F695CB00D4708A /* JSON.h */ = {isa = PBXFileReference; fileEncoding = 4; lastKnownFileType = sourcecode.c.h; path = JSON.h; sourceTree = "<group>"; };
		32C62C9A12F695CB00D4708A /* NSObject+SBJSON.h */ = {isa = PBXFileReference; fileEncoding = 4; lastKnownFileType = sourcecode.c.h; path = "NSObject+SBJSON.h"; sourceTree = "<group>"; };
		32C62C9B12F695CB00D4708A /* NSObject+SBJSON.m */ = {isa = PBXFileReference; fileEncoding = 4; lastKnownFileType = sourcecode.c.objc; path = "NSObject+SBJSON.m"; sourceTree = "<group>"; };
		32C62C9C12F695CB00D4708A /* NSString+SBJSON.h */ = {isa = PBXFileReference; fileEncoding = 4; lastKnownFileType = sourcecode.c.h; path = "NSString+SBJSON.h"; sourceTree = "<group>"; };
		32C62C9D12F695CB00D4708A /* NSString+SBJSON.m */ = {isa = PBXFileReference; fileEncoding = 4; lastKnownFileType = sourcecode.c.objc; path = "NSString+SBJSON.m"; sourceTree = "<group>"; };
		32C62C9E12F695CB00D4708A /* SBJsonBase.h */ = {isa = PBXFileReference; fileEncoding = 4; lastKnownFileType = sourcecode.c.h; path = SBJsonBase.h; sourceTree = "<group>"; };
		32C62C9F12F695CB00D4708A /* SBJsonBase.m */ = {isa = PBXFileReference; fileEncoding = 4; lastKnownFileType = sourcecode.c.objc; path = SBJsonBase.m; sourceTree = "<group>"; };
		32C62CA012F695CB00D4708A /* SBJsonParser.h */ = {isa = PBXFileReference; fileEncoding = 4; lastKnownFileType = sourcecode.c.h; path = SBJsonParser.h; sourceTree = "<group>"; };
		32C62CA112F695CB00D4708A /* SBJsonParser.m */ = {isa = PBXFileReference; fileEncoding = 4; lastKnownFileType = sourcecode.c.objc; path = SBJsonParser.m; sourceTree = "<group>"; };
		32C62CA212F695CB00D4708A /* SBJsonStreamWriter.h */ = {isa = PBXFileReference; fileEncoding = 4; lastKnownFileType = sourcecode.c.h; path = SBJsonStreamWriter.h; sourceTree = "<group>"; };
		32C62CA312F695CB00D4708A /* SBJsonStreamWriter.m */ = {isa = PBXFileReference; fileEncoding = 4; lastKnownFileType = sourcecode.c.objc; path = SBJsonStreamWriter.m; sourceTree = "<group>"; };
		32C62CA412F695CB00D4708A /* SBJsonWriter.h */ = {isa = PBXFileReference; fileEncoding = 4; lastKnownFileType = sourcecode.c.h; path = SBJsonWriter.h; sourceTree = "<group>"; };
		32C62CA512F695CB00D4708A /* SBJsonWriter.m */ = {isa = PBXFileReference; fileEncoding = 4; lastKnownFileType = sourcecode.c.objc; path = SBJsonWriter.m; sourceTree = "<group>"; };
		32C62CA612F695CB00D4708A /* SBProxyForJson.h */ = {isa = PBXFileReference; fileEncoding = 4; lastKnownFileType = sourcecode.c.h; path = SBProxyForJson.h; sourceTree = "<group>"; };
		32E4DD5312F65BE60054B867 /* AMiOSApp.h */ = {isa = PBXFileReference; fileEncoding = 4; lastKnownFileType = sourcecode.c.h; path = AMiOSApp.h; sourceTree = "<group>"; };
		32E4DD5412F65BE60054B867 /* AMiOSApp.m */ = {isa = PBXFileReference; fileEncoding = 4; lastKnownFileType = sourcecode.c.objc; path = AMiOSApp.m; sourceTree = "<group>"; };
		32FBA6FD12F46A5300F7680A /* AirMockAppDelegate.h */ = {isa = PBXFileReference; fileEncoding = 4; lastKnownFileType = sourcecode.c.h; path = AirMockAppDelegate.h; sourceTree = "<group>"; };
		32FBA6FE12F46A5300F7680A /* AirMockAppDelegate.m */ = {isa = PBXFileReference; fileEncoding = 4; lastKnownFileType = sourcecode.c.objc; path = AirMockAppDelegate.m; sourceTree = "<group>"; };
		32FBA6FF12F46A5300F7680A /* DropView.h */ = {isa = PBXFileReference; fileEncoding = 4; lastKnownFileType = sourcecode.c.h; path = DropView.h; sourceTree = "<group>"; };
		32FBA70012F46A5300F7680A /* DropView.m */ = {isa = PBXFileReference; fileEncoding = 4; lastKnownFileType = sourcecode.c.objc; path = DropView.m; sourceTree = "<group>"; };
		32FBA75612F471E100F7680A /* drop_none.png */ = {isa = PBXFileReference; lastKnownFileType = image.png; path = drop_none.png; sourceTree = "<group>"; };
		32FBA75712F471E100F7680A /* drop_on.png */ = {isa = PBXFileReference; lastKnownFileType = image.png; path = drop_on.png; sourceTree = "<group>"; };
		8D1107310486CEB800E47090 /* AirMock-Info.plist */ = {isa = PBXFileReference; fileEncoding = 4; lastKnownFileType = text.plist.xml; path = "AirMock-Info.plist"; sourceTree = "<group>"; };
		8D1107320486CEB800E47090 /* AirMock.app */ = {isa = PBXFileReference; explicitFileType = wrapper.application; includeInIndex = 0; path = AirMock.app; sourceTree = BUILT_PRODUCTS_DIR; };
/* End PBXFileReference section */

/* Begin PBXFrameworksBuildPhase section */
		8D11072E0486CEB800E47090 /* Frameworks */ = {
			isa = PBXFrameworksBuildPhase;
			buildActionMask = 2147483647;
			files = (
				8D11072F0486CEB800E47090 /* Cocoa.framework in Frameworks */,
				32A795C412F6146A00E7C0AB /* libcrypto.dylib in Frameworks */,
			);
			runOnlyForDeploymentPostprocessing = 0;
		};
/* End PBXFrameworksBuildPhase section */

/* Begin PBXGroup section */
		080E96DDFE201D6D7F000001 /* Classes */ = {
			isa = PBXGroup;
			children = (
				32C62C9812F695CB00D4708A /* JSON */,
				32A7958E12F613E500E7C0AB /* SimpleHTTPServer */,
				32A79A0D12F71E6700E7C0AB /* Utils */,
				32FBA6FF12F46A5300F7680A /* DropView.h */,
				32FBA70012F46A5300F7680A /* DropView.m */,
				32FBA6FD12F46A5300F7680A /* AirMockAppDelegate.h */,
				32FBA6FE12F46A5300F7680A /* AirMockAppDelegate.m */,
			);
			path = Classes;
			sourceTree = "<group>";
		};
		1058C7A0FEA54F0111CA2CBB /* Linked Frameworks */ = {
			isa = PBXGroup;
			children = (
				1058C7A1FEA54F0111CA2CBB /* Cocoa.framework */,
				32A795C312F6146A00E7C0AB /* libcrypto.dylib */,
			);
			name = "Linked Frameworks";
			sourceTree = "<group>";
		};
		1058C7A2FEA54F0111CA2CBB /* Other Frameworks */ = {
			isa = PBXGroup;
			children = (
				29B97324FDCFA39411CA2CEA /* AppKit.framework */,
				13E42FB307B3F0F600E4EEF1 /* CoreData.framework */,
				29B97325FDCFA39411CA2CEA /* Foundation.framework */,
			);
			name = "Other Frameworks";
			sourceTree = "<group>";
		};
		19C28FACFE9D520D11CA2CBB /* Products */ = {
			isa = PBXGroup;
			children = (
				8D1107320486CEB800E47090 /* AirMock.app */,
			);
			name = Products;
			sourceTree = "<group>";
		};
		29B97314FDCFA39411CA2CEA /* AirMock */ = {
			isa = PBXGroup;
			children = (
				080E96DDFE201D6D7F000001 /* Classes */,
				29B97315FDCFA39411CA2CEA /* Other Sources */,
				29B97317FDCFA39411CA2CEA /* Resources */,
				29B97323FDCFA39411CA2CEA /* Frameworks */,
				19C28FACFE9D520D11CA2CBB /* Products */,
			);
			name = AirMock;
			sourceTree = "<group>";
		};
		29B97315FDCFA39411CA2CEA /* Other Sources */ = {
			isa = PBXGroup;
			children = (
				256AC3F00F4B6AF500CF3369 /* AirMock_Prefix.pch */,
				29B97316FDCFA39411CA2CEA /* main.m */,
			);
			name = "Other Sources";
			sourceTree = "<group>";
		};
		29B97317FDCFA39411CA2CEA /* Resources */ = {
			isa = PBXGroup;
			children = (
				32FBA75512F471E100F7680A /* Images */,
				32C62C8B12F6947400D4708A /* template.plist */,
				8D1107310486CEB800E47090 /* AirMock-Info.plist */,
				089C165CFE840E0CC02AAC07 /* InfoPlist.strings */,
				1DDD58140DA1D0A300B32029 /* MainMenu.xib */,
				32A7966E12F618C100E7C0AB /* todo.txt */,
			);
			name = Resources;
			sourceTree = "<group>";
		};
		29B97323FDCFA39411CA2CEA /* Frameworks */ = {
			isa = PBXGroup;
			children = (
				1058C7A0FEA54F0111CA2CBB /* Linked Frameworks */,
				1058C7A2FEA54F0111CA2CBB /* Other Frameworks */,
			);
			name = Frameworks;
			sourceTree = "<group>";
		};
		32A7958E12F613E500E7C0AB /* SimpleHTTPServer */ = {
			isa = PBXGroup;
			children = (
				32A7959C12F613F600E7C0AB /* HTTP */,
				32A7959912F613F600E7C0AB /* TCP */,
				32A7959212F613F600E7C0AB /* Categories */,
				32A7958F12F613F600E7C0AB /* SSCrypto */,
			);
			path = SimpleHTTPServer;
			sourceTree = "<group>";
		};
		32A7958F12F613F600E7C0AB /* SSCrypto */ = {
			isa = PBXGroup;
			children = (
				32A7959012F613F600E7C0AB /* SSCrypto.h */,
				32A7959112F613F600E7C0AB /* SSCrypto.m */,
			);
			name = SSCrypto;
			sourceTree = "<group>";
		};
		32A7959212F613F600E7C0AB /* Categories */ = {
			isa = PBXGroup;
			children = (
				32A7959312F613F600E7C0AB /* DDNumber.h */,
				32A7959412F613F600E7C0AB /* DDNumber.m */,
				32A7959512F613F600E7C0AB /* DDRange.h */,
				32A7959612F613F600E7C0AB /* DDRange.m */,
				32A7959712F613F600E7C0AB /* DDData.h */,
				32A7959812F613F600E7C0AB /* DDData.m */,
			);
			name = Categories;
			sourceTree = "<group>";
		};
		32A7959912F613F600E7C0AB /* TCP */ = {
			isa = PBXGroup;
			children = (
				32A7959A12F613F600E7C0AB /* AsyncSocket.h */,
				32A7959B12F613F600E7C0AB /* AsyncSocket.m */,
			);
			name = TCP;
			sourceTree = "<group>";
		};
		32A7959C12F613F600E7C0AB /* HTTP */ = {
			isa = PBXGroup;
			children = (
				32A795A512F613F600E7C0AB /* Advanced */,
				32A7959D12F613F600E7C0AB /* HTTPAuthenticationRequest.h */,
				32A7959E12F613F600E7C0AB /* HTTPAuthenticationRequest.m */,
				32A7959F12F613F600E7C0AB /* HTTPServer.h */,
				32A795A012F613F600E7C0AB /* HTTPServer.m */,
				32A795A112F613F600E7C0AB /* HTTPConnection.h */,
				32A795A212F613F600E7C0AB /* HTTPConnection.m */,
				32A795A312F613F600E7C0AB /* HTTPResponse.h */,
				32A795A412F613F600E7C0AB /* HTTPResponse.m */,
			);
			name = HTTP;
			sourceTree = "<group>";
		};
		32A795A512F613F600E7C0AB /* Advanced */ = {
			isa = PBXGroup;
			children = (
				32A795A612F613F600E7C0AB /* HTTPAsyncFileResponse.h */,
				32A795A712F613F600E7C0AB /* HTTPAsyncFileResponse.m */,
			);
			name = Advanced;
			sourceTree = "<group>";
		};
		32A79A0D12F71E6700E7C0AB /* Utils */ = {
			isa = PBXGroup;
			children = (
				32A7969512F61D1E00E7C0AB /* AMHTTPConnection.h */,
				32A7969612F61D1E00E7C0AB /* AMHTTPConnection.m */,
				32E4DD5312F65BE60054B867 /* AMiOSApp.h */,
				32E4DD5412F65BE60054B867 /* AMiOSApp.m */,
				32C62C3412F6895300D4708A /* AMDataHelper.h */,
				32C62C3512F6895300D4708A /* AMDataHelper.m */,
				32A79B0C12F72EA400E7C0AB /* ThreadPoolServer.h */,
				32A79B0D12F72EA400E7C0AB /* ThreadPoolServer.m */,
				32A79B0E12F72EA400E7C0AB /* ThreadPerConnectionServer.h */,
				32A79B0F12F72EA400E7C0AB /* ThreadPerConnectionServer.m */,
			);
			name = Utils;
			sourceTree = "<group>";
		};
		32C62C9812F695CB00D4708A /* JSON */ = {
			isa = PBXGroup;
			children = (
				32C62C9912F695CB00D4708A /* JSON.h */,
				32C62C9A12F695CB00D4708A /* NSObject+SBJSON.h */,
				32C62C9B12F695CB00D4708A /* NSObject+SBJSON.m */,
				32C62C9C12F695CB00D4708A /* NSString+SBJSON.h */,
				32C62C9D12F695CB00D4708A /* NSString+SBJSON.m */,
				32C62C9E12F695CB00D4708A /* SBJsonBase.h */,
				32C62C9F12F695CB00D4708A /* SBJsonBase.m */,
				32C62CA012F695CB00D4708A /* SBJsonParser.h */,
				32C62CA112F695CB00D4708A /* SBJsonParser.m */,
				32C62CA212F695CB00D4708A /* SBJsonStreamWriter.h */,
				32C62CA312F695CB00D4708A /* SBJsonStreamWriter.m */,
				32C62CA412F695CB00D4708A /* SBJsonWriter.h */,
				32C62CA512F695CB00D4708A /* SBJsonWriter.m */,
				32C62CA612F695CB00D4708A /* SBProxyForJson.h */,
			);
			path = JSON;
			sourceTree = "<group>";
		};
		32FBA75512F471E100F7680A /* Images */ = {
			isa = PBXGroup;
			children = (
				32FBA75612F471E100F7680A /* drop_none.png */,
				32FBA75712F471E100F7680A /* drop_on.png */,
			);
			path = Images;
			sourceTree = "<group>";
		};
/* End PBXGroup section */

/* Begin PBXNativeTarget section */
		8D1107260486CEB800E47090 /* AirMock */ = {
			isa = PBXNativeTarget;
			buildConfigurationList = C01FCF4A08A954540054247B /* Build configuration list for PBXNativeTarget "AirMock" */;
			buildPhases = (
				8D1107290486CEB800E47090 /* Resources */,
				8D11072C0486CEB800E47090 /* Sources */,
				8D11072E0486CEB800E47090 /* Frameworks */,
			);
			buildRules = (
			);
			dependencies = (
			);
			name = AirMock;
			productInstallPath = "$(HOME)/Applications";
			productName = AirMock;
			productReference = 8D1107320486CEB800E47090 /* AirMock.app */;
			productType = "com.apple.product-type.application";
		};
/* End PBXNativeTarget section */

/* Begin PBXProject section */
		29B97313FDCFA39411CA2CEA /* Project object */ = {
			isa = PBXProject;
			buildConfigurationList = C01FCF4E08A954540054247B /* Build configuration list for PBXProject "AirMock" */;
			compatibilityVersion = "Xcode 3.1";
			developmentRegion = English;
			hasScannedForEncodings = 1;
			knownRegions = (
				English,
				Japanese,
				French,
				German,
			);
			mainGroup = 29B97314FDCFA39411CA2CEA /* AirMock */;
			projectDirPath = "";
			projectRoot = "";
			targets = (
				8D1107260486CEB800E47090 /* AirMock */,
			);
		};
/* End PBXProject section */

/* Begin PBXResourcesBuildPhase section */
		8D1107290486CEB800E47090 /* Resources */ = {
			isa = PBXResourcesBuildPhase;
			buildActionMask = 2147483647;
			files = (
				8D11072B0486CEB800E47090 /* InfoPlist.strings in Resources */,
				1DDD58160DA1D0A300B32029 /* MainMenu.xib in Resources */,
				32FBA75812F471E100F7680A /* drop_none.png in Resources */,
				32FBA75912F471E100F7680A /* drop_on.png in Resources */,
				32A7966F12F618C100E7C0AB /* todo.txt in Resources */,
				32C62C8C12F6947400D4708A /* template.plist in Resources */,
			);
			runOnlyForDeploymentPostprocessing = 0;
		};
/* End PBXResourcesBuildPhase section */

/* Begin PBXSourcesBuildPhase section */
		8D11072C0486CEB800E47090 /* Sources */ = {
			isa = PBXSourcesBuildPhase;
			buildActionMask = 2147483647;
			files = (
				8D11072D0486CEB800E47090 /* main.m in Sources */,
				32FBA70112F46A5300F7680A /* AirMockAppDelegate.m in Sources */,
				32FBA70212F46A5300F7680A /* DropView.m in Sources */,
				32A795A812F613F600E7C0AB /* SSCrypto.m in Sources */,
				32A795A912F613F600E7C0AB /* DDNumber.m in Sources */,
				32A795AA12F613F600E7C0AB /* DDRange.m in Sources */,
				32A795AB12F613F600E7C0AB /* DDData.m in Sources */,
				32A795AC12F613F600E7C0AB /* AsyncSocket.m in Sources */,
				32A795AD12F613F600E7C0AB /* HTTPAuthenticationRequest.m in Sources */,
				32A795AE12F613F600E7C0AB /* HTTPServer.m in Sources */,
				32A795AF12F613F600E7C0AB /* HTTPConnection.m in Sources */,
				32A795B012F613F600E7C0AB /* HTTPResponse.m in Sources */,
				32A795B112F613F600E7C0AB /* HTTPAsyncFileResponse.m in Sources */,
				32A7969712F61D1E00E7C0AB /* AMHTTPConnection.m in Sources */,
				32E4DD5512F65BE60054B867 /* AMiOSApp.m in Sources */,
				32C62C3612F6895300D4708A /* AMDataHelper.m in Sources */,
				32C62CA712F695CB00D4708A /* NSObject+SBJSON.m in Sources */,
				32C62CA812F695CB00D4708A /* NSString+SBJSON.m in Sources */,
				32C62CA912F695CB00D4708A /* SBJsonBase.m in Sources */,
				32C62CAA12F695CB00D4708A /* SBJsonParser.m in Sources */,
				32C62CAB12F695CB00D4708A /* SBJsonStreamWriter.m in Sources */,
				32C62CAC12F695CB00D4708A /* SBJsonWriter.m in Sources */,
				32A79B1012F72EA400E7C0AB /* ThreadPoolServer.m in Sources */,
				32A79B1112F72EA400E7C0AB /* ThreadPerConnectionServer.m in Sources */,
			);
			runOnlyForDeploymentPostprocessing = 0;
		};
/* End PBXSourcesBuildPhase section */

/* Begin PBXVariantGroup section */
		089C165CFE840E0CC02AAC07 /* InfoPlist.strings */ = {
			isa = PBXVariantGroup;
			children = (
				089C165DFE840E0CC02AAC07 /* English */,
			);
			name = InfoPlist.strings;
			sourceTree = "<group>";
		};
		1DDD58140DA1D0A300B32029 /* MainMenu.xib */ = {
			isa = PBXVariantGroup;
			children = (
				1DDD58150DA1D0A300B32029 /* English */,
			);
			name = MainMenu.xib;
			sourceTree = "<group>";
		};
/* End PBXVariantGroup section */

/* Begin XCBuildConfiguration section */
		C01FCF4B08A954540054247B /* Debug */ = {
			isa = XCBuildConfiguration;
			buildSettings = {
				ALWAYS_SEARCH_USER_PATHS = NO;
				COPY_PHASE_STRIP = NO;
				GCC_DYNAMIC_NO_PIC = NO;
				GCC_ENABLE_FIX_AND_CONTINUE = YES;
				GCC_MODEL_TUNING = G5;
				GCC_OPTIMIZATION_LEVEL = 0;
				GCC_PRECOMPILE_PREFIX_HEADER = YES;
				GCC_PREFIX_HEADER = AirMock_Prefix.pch;
				INFOPLIST_FILE = "AirMock-Info.plist";
				INSTALL_PATH = "$(HOME)/Applications";
				PRODUCT_NAME = AirMock;
			};
			name = Debug;
		};
		C01FCF4C08A954540054247B /* Release */ = {
			isa = XCBuildConfiguration;
			buildSettings = {
				ALWAYS_SEARCH_USER_PATHS = NO;
				DEBUG_INFORMATION_FORMAT = "dwarf-with-dsym";
				GCC_MODEL_TUNING = G5;
				GCC_PRECOMPILE_PREFIX_HEADER = YES;
				GCC_PREFIX_HEADER = AirMock_Prefix.pch;
				INFOPLIST_FILE = "AirMock-Info.plist";
				INSTALL_PATH = "$(HOME)/Applications";
				PRODUCT_NAME = AirMock;
			};
			name = Release;
		};
		C01FCF4F08A954540054247B /* Debug */ = {
			isa = XCBuildConfiguration;
			buildSettings = {
				ARCHS = "$(ARCHS_STANDARD_32_64_BIT)";
				GCC_C_LANGUAGE_STANDARD = gnu99;
				GCC_OPTIMIZATION_LEVEL = 0;
				GCC_WARN_ABOUT_RETURN_TYPE = YES;
				GCC_WARN_UNUSED_VARIABLE = YES;
				ONLY_ACTIVE_ARCH = YES;
				PREBINDING = NO;
				SDKROOT = macosx10.6;
			};
			name = Debug;
		};
		C01FCF5008A954540054247B /* Release */ = {
			isa = XCBuildConfiguration;
			buildSettings = {
				ARCHS = "$(ARCHS_STANDARD_32_64_BIT)";
				GCC_C_LANGUAGE_STANDARD = gnu99;
				GCC_WARN_ABOUT_RETURN_TYPE = YES;
				GCC_WARN_UNUSED_VARIABLE = YES;
				PREBINDING = NO;
				SDKROOT = macosx10.6;
			};
			name = Release;
		};
/* End XCBuildConfiguration section */

/* Begin XCConfigurationList section */
		C01FCF4A08A954540054247B /* Build configuration list for PBXNativeTarget "AirMock" */ = {
			isa = XCConfigurationList;
			buildConfigurations = (
				C01FCF4B08A954540054247B /* Debug */,
				C01FCF4C08A954540054247B /* Release */,
			);
			defaultConfigurationIsVisible = 0;
			defaultConfigurationName = Release;
		};
		C01FCF4E08A954540054247B /* Build configuration list for PBXProject "AirMock" */ = {
			isa = XCConfigurationList;
			buildConfigurations = (
				C01FCF4F08A954540054247B /* Debug */,
				C01FCF5008A954540054247B /* Release */,
			);
			defaultConfigurationIsVisible = 0;
			defaultConfigurationName = Release;
		};
/* End XCConfigurationList section */
	};
	rootObject = 29B97313FDCFA39411CA2CEA /* Project object */;
}
